
Microsoft Visual Studio Solution File, Format Version 12.00
# Visual Studio Version 16
VisualStudioVersion = 16.0.29613.14
MinimumVisualStudioVersion = 10.0.40219.1
Project("{9A19103F-16F7-4668-BE54-9A1E7A4F7556}") = "OYMLCN.Extension", "src\OYMLCN.Extension\OYMLCN.Extension.csproj", "{B8FB405B-56B3-4B6B-AFC2-1A02A26E75DC}"
EndProject
Project("{FAE04EC0-301F-11D3-BF4B-00C04F79EFBC}") = "OYMLCN.Extension.TestForDotNet", "test\OYMLCN.Extension.TestForDotNet\OYMLCN.Extension.TestForDotNet.csproj", "{9544B20B-732F-4B72-88C8-5BD2A681317D}"
EndProject
Project("{9A19103F-16F7-4668-BE54-9A1E7A4F7556}") = "OYMLCN.Extension.Test", "test\OYMLCN.Extension.Test\OYMLCN.Extension.Test.csproj", "{3E80989E-D4D7-4297-8F54-3A7475C534D0}"
EndProject
Project("{9A19103F-16F7-4668-BE54-9A1E7A4F7556}") = "OYMLCN.SevenZipHelper", "src\OYMLCN.SevenZipHelper\OYMLCN.SevenZipHelper.csproj", "{6A44A95F-8666-46DB-BD1E-B63018DE2ACF}"
EndProject
Project("{9A19103F-16F7-4668-BE54-9A1E7A4F7556}") = "OYMLCN.BitmapExtension", "src\OYMLCN.BitmapExtension\OYMLCN.BitmapExtension.csproj", "{5BED13B4-E9B6-4FA4-92BB-187D3FF473F2}"
EndProject
Project("{9A19103F-16F7-4668-BE54-9A1E7A4F7556}") = "OYMLCN.HtmlExtension", "src\OYMLCN.HtmlExtension\OYMLCN.HtmlExtension.csproj", "{7B6AE15A-5A36-4985-8175-D1F0C7002AF1}"
EndProject
Project("{2150E333-8FDC-42A3-9474-1A3956D46DE8}") = "Test", "Test", "{624E5562-47DA-4A3D-BFC8-95E41696F382}"
EndProject
Project("{FAE04EC0-301F-11D3-BF4B-00C04F79EFBC}") = "OYMLCN.AspNetCore.Test", "test\OYMLCN.AspNetCore.Test\OYMLCN.AspNetCore.Test.csproj", "{4120A4B5-EF35-42D8-A2DE-50BD320AE5BC}"
EndProject
Global
	GlobalSection(SolutionConfigurationPlatforms) = preSolution
		Debug|Any CPU = Debug|Any CPU
		Release|Any CPU = Release|Any CPU
	EndGlobalSection
	GlobalSection(ProjectConfigurationPlatforms) = postSolution
		{B8FB405B-56B3-4B6B-AFC2-1A02A26E75DC}.Debug|Any CPU.ActiveCfg = Debug|Any CPU
		{B8FB405B-56B3-4B6B-AFC2-1A02A26E75DC}.Debug|Any CPU.Build.0 = Debug|Any CPU
		{B8FB405B-56B3-4B6B-AFC2-1A02A26E75DC}.Release|Any CPU.ActiveCfg = Release|Any CPU
		{B8FB405B-56B3-4B6B-AFC2-1A02A26E75DC}.Release|Any CPU.Build.0 = Release|Any CPU
		{9544B20B-732F-4B72-88C8-5BD2A681317D}.Debug|Any CPU.ActiveCfg = Debug|Any CPU
		{9544B20B-732F-4B72-88C8-5BD2A681317D}.Debug|Any CPU.Build.0 = Debug|Any CPU
		{9544B20B-732F-4B72-88C8-5BD2A681317D}.Release|Any CPU.ActiveCfg = Release|Any CPU
		{9544B20B-732F-4B72-88C8-5BD2A681317D}.Release|Any CPU.Build.0 = Release|Any CPU
		{3E80989E-D4D7-4297-8F54-3A7475C534D0}.Debug|Any CPU.ActiveCfg = Debug|Any CPU
		{3E80989E-D4D7-4297-8F54-3A7475C534D0}.Debug|Any CPU.Build.0 = Debug|Any CPU
		{3E80989E-D4D7-4297-8F54-3A7475C534D0}.Release|Any CPU.ActiveCfg = Release|Any CPU
		{3E80989E-D4D7-4297-8F54-3A7475C534D0}.Release|Any CPU.Build.0 = Release|Any CPU
		{6A44A95F-8666-46DB-BD1E-B63018DE2ACF}.Debug|Any CPU.ActiveCfg = Debug|Any CPU
		{6A44A95F-8666-46DB-BD1E-B63018DE2ACF}.Debug|Any CPU.Build.0 = Debug|Any CPU
		{6A44A95F-8666-46DB-BD1E-B63018DE2ACF}.Release|Any CPU.ActiveCfg = Release|Any CPU
		{6A44A95F-8666-46DB-BD1E-B63018DE2ACF}.Release|Any CPU.Build.0 = Release|Any CPU
		{5BED13B4-E9B6-4FA4-92BB-187D3FF473F2}.Debug|Any CPU.ActiveCfg = Debug|Any CPU
		{5BED13B4-E9B6-4FA4-92BB-187D3FF473F2}.Debug|Any CPU.Build.0 = Debug|Any CPU
		{5BED13B4-E9B6-4FA4-92BB-187D3FF473F2}.Release|Any CPU.ActiveCfg = Release|Any CPU
		{5BED13B4-E9B6-4FA4-92BB-187D3FF473F2}.Release|Any CPU.Build.0 = Release|Any CPU
		{7B6AE15A-5A36-4985-8175-D1F0C7002AF1}.Debug|Any CPU.ActiveCfg = Debug|Any CPU
		{7B6AE15A-5A36-4985-8175-D1F0C7002AF1}.Debug|Any CPU.Build.0 = Debug|Any CPU
		{7B6AE15A-5A36-4985-8175-D1F0C7002AF1}.Release|Any CPU.ActiveCfg = Release|Any CPU
		{7B6AE15A-5A36-4985-8175-D1F0C7002AF1}.Release|Any CPU.Build.0 = Release|Any CPU
		{4120A4B5-EF35-42D8-A2DE-50BD320AE5BC}.Debug|Any CPU.ActiveCfg = Debug|Any CPU
		{4120A4B5-EF35-42D8-A2DE-50BD320AE5BC}.Debug|Any CPU.Build.0 = Debug|Any CPU
		{4120A4B5-EF35-42D8-A2DE-50BD320AE5BC}.Release|Any CPU.ActiveCfg = Release|Any CPU
		{4120A4B5-EF35-42D8-A2DE-50BD320AE5BC}.Release|Any CPU.Build.0 = Release|Any CPU
	EndGlobalSection
	GlobalSection(SolutionProperties) = preSolution
		HideSolutionNode = FALSE
	EndGlobalSection
	GlobalSection(NestedProjects) = preSolution
		{9544B20B-732F-4B72-88C8-5BD2A681317D} = {624E5562-47DA-4A3D-BFC8-95E41696F382}
		{3E80989E-D4D7-4297-8F54-3A7475C534D0} = {624E5562-47DA-4A3D-BFC8-95E41696F382}
		{4120A4B5-EF35-42D8-A2DE-50BD320AE5BC} = {624E5562-47DA-4A3D-BFC8-95E41696F382}
	EndGlobalSection
	GlobalSection(ExtensibilityGlobals) = postSolution
		SolutionGuid = {045324C9-924A-435B-B2D3-A8EEB682E0FA}
	EndGlobalSection
EndGlobal
